
Microsoft Visual Studio Solution File, Format Version 12.00
# Visual Studio Version 17
VisualStudioVersion = 17.8.34322.80
MinimumVisualStudioVersion = 10.0.40219.1
Project("{FAE04EC0-301F-11D3-BF4B-00C04F79EFBC}") = "MaxMango.Android", "MaxMango\MaxMango.Android\MaxMango.Android.csproj", "{3A814B3D-5C36-4969-AAA6-96E383BD68F5}"
EndProject
Project("{FAE04EC0-301F-11D3-BF4B-00C04F79EFBC}") = "MaxMango.iOS", "MaxMango\MaxMango.iOS\MaxMango.iOS.csproj", "{282200E5-F79C-4160-89FC-77FCAA1E282F}"
EndProject
Project("{FAE04EC0-301F-11D3-BF4B-00C04F79EFBC}") = "MaxMango", "MaxMango\MaxMango\MaxMango.csproj", "{DC9694A6-44E4-4706-8279-A2B500B7904D}"
EndProject
Global
	GlobalSection(SolutionConfigurationPlatforms) = preSolution
		Debug|Any CPU = Debug|Any CPU
		Debug|iPhone = Debug|iPhone
		Debug|iPhoneSimulator = Debug|iPhoneSimulator
		Release|Any CPU = Release|Any CPU
		Release|iPhone = Release|iPhone
		Release|iPhoneSimulator = Release|iPhoneSimulator
	EndGlobalSection
	GlobalSection(ProjectConfigurationPlatforms) = postSolution
		{3A814B3D-5C36-4969-AAA6-96E383BD68F5}.Debug|Any CPU.ActiveCfg = Debug|Any CPU
		{3A814B3D-5C36-4969-AAA6-96E383BD68F5}.Debug|Any CPU.Build.0 = Debug|Any CPU
		{3A814B3D-5C36-4969-AAA6-96E383BD68F5}.Debug|Any CPU.Deploy.0 = Debug|Any CPU
		{3A814B3D-5C36-4969-AAA6-96E383BD68F5}.Debug|iPhone.ActiveCfg = Debug|Any CPU
		{3A814B3D-5C36-4969-AAA6-96E383BD68F5}.Debug|iPhone.Build.0 = Debug|Any CPU
		{3A814B3D-5C36-4969-AAA6-96E383BD68F5}.Debug|iPhone.Deploy.0 = Debug|Any CPU
		{3A814B3D-5C36-4969-AAA6-96E383BD68F5}.Debug|iPhoneSimulator.ActiveCfg = Debug|Any CPU
		{3A814B3D-5C36-4969-AAA6-96E383BD68F5}.Debug|iPhoneSimulator.Build.0 = Debug|Any CPU
		{3A814B3D-5C36-4969-AAA6-96E383BD68F5}.Debug|iPhoneSimulator.Deploy.0 = Debug|Any CPU
		{3A814B3D-5C36-4969-AAA6-96E383BD68F5}.Release|Any CPU.ActiveCfg = Release|Any CPU
		{3A814B3D-5C36-4969-AAA6-96E383BD68F5}.Release|Any CPU.Build.0 = Release|Any CPU
		{3A814B3D-5C36-4969-AAA6-96E383BD68F5}.Release|Any CPU.Deploy.0 = Release|Any CPU
		{3A814B3D-5C36-4969-AAA6-96E383BD68F5}.Release|iPhone.ActiveCfg = Release|Any CPU
		{3A814B3D-5C36-4969-AAA6-96E383BD68F5}.Release|iPhone.Build.0 = Release|Any CPU
		{3A814B3D-5C36-4969-AAA6-96E383BD68F5}.Release|iPhone.Deploy.0 = Release|Any CPU
		{3A814B3D-5C36-4969-AAA6-96E383BD68F5}.Release|iPhoneSimulator.ActiveCfg = Release|Any CPU
		{3A814B3D-5C36-4969-AAA6-96E383BD68F5}.Release|iPhoneSimulator.Build.0 = Release|Any CPU
		{3A814B3D-5C36-4969-AAA6-96E383BD68F5}.Release|iPhoneSimulator.Deploy.0 = Release|Any CPU
		{282200E5-F79C-4160-89FC-77FCAA1E282F}.Debug|Any CPU.ActiveCfg = Debug|iPhone
		{282200E5-F79C-4160-89FC-77FCAA1E282F}.Debug|Any CPU.Build.0 = Debug|iPhone
		{282200E5-F79C-4160-89FC-77FCAA1E282F}.Debug|Any CPU.Deploy.0 = Debug|iPhone
		{282200E5-F79C-4160-89FC-77FCAA1E282F}.Debug|iPhone.ActiveCfg = Debug|iPhone
		{282200E5-F79C-4160-89FC-77FCAA1E282F}.Debug|iPhone.Build.0 = Debug|iPhone
		{282200E5-F79C-4160-89FC-77FCAA1E282F}.Debug|iPhone.Deploy.0 = Debug|iPhone
		{282200E5-F79C-4160-89FC-77FCAA1E282F}.Debug|iPhoneSimulator.ActiveCfg = Debug|iPhoneSimulator
		{282200E5-F79C-4160-89FC-77FCAA1E282F}.Debug|iPhoneSimulator.Build.0 = Debug|iPhoneSimulator
		{282200E5-F79C-4160-89FC-77FCAA1E282F}.Debug|iPhoneSimulator.Deploy.0 = Debug|iPhoneSimulator
		{282200E5-F79C-4160-89FC-77FCAA1E282F}.Release|Any CPU.ActiveCfg = Release|iPhoneSimulator
		{282200E5-F79C-4160-89FC-77FCAA1E282F}.Release|Any CPU.Build.0 = Release|iPhoneSimulator
		{282200E5-F79C-4160-89FC-77FCAA1E282F}.Release|Any CPU.Deploy.0 = Release|iPhoneSimulator
		{282200E5-F79C-4160-89FC-77FCAA1E282F}.Release|iPhone.ActiveCfg = Release|iPhone
		{282200E5-F79C-4160-89FC-77FCAA1E282F}.Release|iPhone.Build.0 = Release|iPhone
		{282200E5-F79C-4160-89FC-77FCAA1E282F}.Release|iPhone.Deploy.0 = Release|iPhone
		{282200E5-F79C-4160-89FC-77FCAA1E282F}.Release|iPhoneSimulator.ActiveCfg = Release|iPhoneSimulator
		{282200E5-F79C-4160-89FC-77FCAA1E282F}.Release|iPhoneSimulator.Build.0 = Release|iPhoneSimulator
		{282200E5-F79C-4160-89FC-77FCAA1E282F}.Release|iPhoneSimulator.Deploy.0 = Release|iPhoneSimulator
		{DC9694A6-44E4-4706-8279-A2B500B7904D}.Debug|Any CPU.ActiveCfg = Debug|Any CPU
		{DC9694A6-44E4-4706-8279-A2B500B7904D}.Debug|Any CPU.Build.0 = Debug|Any CPU
		{DC9694A6-44E4-4706-8279-A2B500B7904D}.Debug|Any CPU.Deploy.0 = Debug|Any CPU
		{DC9694A6-44E4-4706-8279-A2B500B7904D}.Debug|iPhone.ActiveCfg = Debug|Any CPU
		{DC9694A6-44E4-4706-8279-A2B500B7904D}.Debug|iPhone.Build.0 = Debug|Any CPU
		{DC9694A6-44E4-4706-8279-A2B500B7904D}.Debug|iPhone.Deploy.0 = Debug|Any CPU
		{DC9694A6-44E4-4706-8279-A2B500B7904D}.Debug|iPhoneSimulator.ActiveCfg = Debug|Any CPU
		{DC9694A6-44E4-4706-8279-A2B500B7904D}.Debug|iPhoneSimulator.Build.0 = Debug|Any CPU
		{DC9694A6-44E4-4706-8279-A2B500B7904D}.Debug|iPhoneSimulator.Deploy.0 = Debug|Any CPU
		{DC9694A6-44E4-4706-8279-A2B500B7904D}.Release|Any CPU.ActiveCfg = Release|Any CPU
		{DC9694A6-44E4-4706-8279-A2B500B7904D}.Release|Any CPU.Build.0 = Release|Any CPU
		{DC9694A6-44E4-4706-8279-A2B500B7904D}.Release|Any CPU.Deploy.0 = Release|Any CPU
		{DC9694A6-44E4-4706-8279-A2B500B7904D}.Release|iPhone.ActiveCfg = Release|Any CPU
		{DC9694A6-44E4-4706-8279-A2B500B7904D}.Release|iPhone.Build.0 = Release|Any CPU
		{DC9694A6-44E4-4706-8279-A2B500B7904D}.Release|iPhone.Deploy.0 = Release|Any CPU
		{DC9694A6-44E4-4706-8279-A2B500B7904D}.Release|iPhoneSimulator.ActiveCfg = Release|Any CPU
		{DC9694A6-44E4-4706-8279-A2B500B7904D}.Release|iPhoneSimulator.Build.0 = Release|Any CPU
		{DC9694A6-44E4-4706-8279-A2B500B7904D}.Release|iPhoneSimulator.Deploy.0 = Release|Any CPU
	EndGlobalSection
	GlobalSection(SolutionProperties) = preSolution
		HideSolutionNode = FALSE
	EndGlobalSection
	GlobalSection(ExtensibilityGlobals) = postSolution
		SolutionGuid = {EB359E6B-01F1-4D94-B5E2-D013F7F58FD7}
	EndGlobalSection
EndGlobal
